{
  "version": 4,
  "terraform_version": "1.3.8",
  "serial": 6,
  "lineage": "a0335f00-d784-e210-ff8e-138e8f7d6333",
  "outputs": {},
  "resources": [
    {
      "mode": "managed",
      "type": "helm_release",
      "name": "es",
      "provider": "provider[\"registry.terraform.io/hashicorp/helm\"]",
      "instances": [
        {
          "status": "tainted",
          "schema_version": 0,
          "attributes": {
            "atomic": false,
            "chart": "elasticsearch",
            "cleanup_on_fail": false,
            "create_namespace": true,
            "dependency_update": false,
            "description": null,
            "devel": null,
            "disable_crd_hooks": false,
            "disable_openapi_validation": false,
            "disable_webhooks": false,
            "force_update": false,
            "id": "es",
            "keyring": null,
            "lint": false,
            "manifest": null,
            "max_history": 0,
            "metadata": [
              {
                "app_version": "8.5.1",
                "chart": "elasticsearch",
                "name": "es",
                "namespace": "elastic-system",
                "revision": 1,
                "values": "{\"replicas\":1,\"volumeClaimTemplate\":{\"resources\":{\"requests\":{\"storage\":\"10Gi\"}}}}",
                "version": "8.5.1"
              }
            ],
            "name": "es",
            "namespace": "elastic-system",
            "pass_credentials": false,
            "postrender": [],
            "recreate_pods": false,
            "render_subchart_notes": true,
            "replace": false,
            "repository": "https://helm.elastic.co",
            "repository_ca_file": null,
            "repository_cert_file": null,
            "repository_key_file": null,
            "repository_password": null,
            "repository_username": null,
            "reset_values": false,
            "reuse_values": false,
            "set": [
              {
                "name": "replicas",
                "type": "",
                "value": "1"
              },
              {
                "name": "volumeClaimTemplate.resources.requests.storage",
                "type": "",
                "value": "10Gi"
              }
            ],
            "set_sensitive": [],
            "skip_crds": false,
            "status": "failed",
            "timeout": 300,
            "values": null,
            "verify": false,
            "version": "8.5.1",
            "wait": true,
            "wait_for_jobs": false
          },
          "sensitive_attributes": [],
          "private": "bnVsbA==",
          "dependencies": [
            "k3d_cluster.mycluster"
          ]
        }
      ]
    },
    {
      "mode": "managed",
      "type": "helm_release",
      "name": "fluent",
      "provider": "provider[\"registry.terraform.io/hashicorp/helm\"]",
      "instances": []
    },
    {
      "mode": "managed",
      "type": "helm_release",
      "name": "kibana",
      "provider": "provider[\"registry.terraform.io/hashicorp/helm\"]",
      "instances": []
    },
    {
      "mode": "managed",
      "type": "helm_release",
      "name": "monitoring",
      "provider": "provider[\"registry.terraform.io/hashicorp/helm\"]",
      "instances": [
        {
          "schema_version": 0,
          "attributes": {
            "atomic": false,
            "chart": "kube-prometheus-stack",
            "cleanup_on_fail": false,
            "create_namespace": true,
            "dependency_update": false,
            "description": null,
            "devel": null,
            "disable_crd_hooks": false,
            "disable_openapi_validation": false,
            "disable_webhooks": false,
            "force_update": false,
            "id": "monitoring-release",
            "keyring": null,
            "lint": false,
            "manifest": null,
            "max_history": 0,
            "metadata": [
              {
                "app_version": "v0.63.0",
                "chart": "kube-prometheus-stack",
                "name": "monitoring-release",
                "namespace": "monitoring-system",
                "revision": 1,
                "values": "{}",
                "version": "45.0.0"
              }
            ],
            "name": "monitoring-release",
            "namespace": "monitoring-system",
            "pass_credentials": false,
            "postrender": [],
            "recreate_pods": false,
            "render_subchart_notes": true,
            "replace": false,
            "repository": "https://prometheus-community.github.io/helm-charts",
            "repository_ca_file": null,
            "repository_cert_file": null,
            "repository_key_file": null,
            "repository_password": null,
            "repository_username": null,
            "reset_values": false,
            "reuse_values": false,
            "set": [],
            "set_sensitive": [],
            "skip_crds": false,
            "status": "deployed",
            "timeout": 300,
            "values": null,
            "verify": false,
            "version": "45.0.0",
            "wait": true,
            "wait_for_jobs": false
          },
          "sensitive_attributes": [],
          "private": "bnVsbA==",
          "dependencies": [
            "k3d_cluster.mycluster"
          ]
        }
      ]
    },
    {
      "mode": "managed",
      "type": "k3d_cluster",
      "name": "mycluster",
      "provider": "provider[\"registry.terraform.io/pvotal-tech/k3d\"]",
      "instances": [
        {
          "schema_version": 0,
          "attributes": {
            "agents": 2,
            "credentials": [
              {
                "client_certificate": "-----BEGIN CERTIFICATE-----\nMIIBkDCCATegAwIBAgIIFn3dFq/9+6swCgYIKoZIzj0EAwIwIzEhMB8GA1UEAwwY\nazNzLWNsaWVudC1jYUAxNjc2NDk3NzY0MB4XDTIzMDIxNTIxNDkyNFoXDTI0MDIx\nNTIxNDkyNFowMDEXMBUGA1UEChMOc3lzdGVtOm1hc3RlcnMxFTATBgNVBAMTDHN5\nc3RlbTphZG1pbjBZMBMGByqGSM49AgEGCCqGSM49AwEHA0IABM1tTJSrsh6XyfAu\nsWvBIuZxcS33cdNMFtuA7/C0hiQLOTAP0Bnmw7dqKU+oxbXvTutfOET3WS3vtXCW\nXYaNG+2jSDBGMA4GA1UdDwEB/wQEAwIFoDATBgNVHSUEDDAKBggrBgEFBQcDAjAf\nBgNVHSMEGDAWgBQGatLc47lxOStKCVsO1JD44DaijTAKBggqhkjOPQQDAgNHADBE\nAiBjcX8TMRtAXpuLshkjDqvutLeT9sJtobAT0868VC4/CgIgErWTC+uWG29LMSdF\ndnRexzHQ8XacI+K8tc5rA/hlop8=\n-----END CERTIFICATE-----\n-----BEGIN CERTIFICATE-----\nMIIBdjCCAR2gAwIBAgIBADAKBggqhkjOPQQDAjAjMSEwHwYDVQQDDBhrM3MtY2xp\nZW50LWNhQDE2NzY0OTc3NjQwHhcNMjMwMjE1MjE0OTI0WhcNMzMwMjEyMjE0OTI0\nWjAjMSEwHwYDVQQDDBhrM3MtY2xpZW50LWNhQDE2NzY0OTc3NjQwWTATBgcqhkjO\nPQIBBggqhkjOPQMBBwNCAAQqEavs8JGpjWxcz48GhZrTMJYnjo6dLzvT3QxUNM3Z\n2v5KRhR7LbULiliHf6FAxMJTK9pLHurDjxRvKnchnQt/o0IwQDAOBgNVHQ8BAf8E\nBAMCAqQwDwYDVR0TAQH/BAUwAwEB/zAdBgNVHQ4EFgQUBmrS3OO5cTkrSglbDtSQ\n+OA2oo0wCgYIKoZIzj0EAwIDRwAwRAIgOApIY1vlCRJtrxZhob5w6YKDU+u9/E3O\nG7IyB7t70EkCICLUSu9sMMi0kehwYao76LqpGnsiZqBjGHIx6x8fPoBA\n-----END CERTIFICATE-----\n",
                "client_key": "-----BEGIN EC PRIVATE KEY-----\nMHcCAQEEIEnitoxQn0jWg/TpGRWPOwF0oCG3otRHeZxsXpP+PX7woAoGCCqGSM49\nAwEHoUQDQgAEzW1MlKuyHpfJ8C6xa8Ei5nFxLfdx00wW24Dv8LSGJAs5MA/QGebD\nt2opT6jFte9O6184RPdZLe+1cJZdho0b7Q==\n-----END EC PRIVATE KEY-----\n",
                "cluster_ca_certificate": "-----BEGIN CERTIFICATE-----\nMIIBdjCCAR2gAwIBAgIBADAKBggqhkjOPQQDAjAjMSEwHwYDVQQDDBhrM3Mtc2Vy\ndmVyLWNhQDE2NzY0OTc3NjQwHhcNMjMwMjE1MjE0OTI0WhcNMzMwMjEyMjE0OTI0\nWjAjMSEwHwYDVQQDDBhrM3Mtc2VydmVyLWNhQDE2NzY0OTc3NjQwWTATBgcqhkjO\nPQIBBggqhkjOPQMBBwNCAAQV+7N6m6vER5PPnwAh47ZBWHFHw7wLuRSYs9w8FRfd\ndnu59+tK2K9JCL2vUzQ8ji3jZj9sF6nAG3qgw+yv59yjo0IwQDAOBgNVHQ8BAf8E\nBAMCAqQwDwYDVR0TAQH/BAUwAwEB/zAdBgNVHQ4EFgQUUr9vcKvJlIbB83qlOlyZ\nej9s+ZwwCgYIKoZIzj0EAwIDRwAwRAIgDnQI/mfRDUVezxk+ZfIrQvkDmX4sC2Tt\nC2Dtht4TaMwCIBmGP4O+RsF255Wk6ruNknvbfH5MYS0Dm3sTOaeycSOM\n-----END CERTIFICATE-----\n",
                "host": "https://0.0.0.0:41055",
                "raw": "apiVersion: v1\nclusters:\n- cluster:\n    certificate-authority-data: LS0tLS1CRUdJTiBDRVJUSUZJQ0FURS0tLS0tCk1JSUJkakNDQVIyZ0F3SUJBZ0lCQURBS0JnZ3Foa2pPUFFRREFqQWpNU0V3SHdZRFZRUUREQmhyTTNNdGMyVnkKZG1WeUxXTmhRREUyTnpZME9UYzNOalF3SGhjTk1qTXdNakUxTWpFME9USTBXaGNOTXpNd01qRXlNakUwT1RJMApXakFqTVNFd0h3WURWUVFEREJock0zTXRjMlZ5ZG1WeUxXTmhRREUyTnpZME9UYzNOalF3V1RBVEJnY3Foa2pPClBRSUJCZ2dxaGtqT1BRTUJCd05DQUFRVis3TjZtNnZFUjVQUG53QWg0N1pCV0hGSHc3d0x1UlNZczl3OEZSZmQKZG51NTkrdEsySzlKQ0wydlV6UThqaTNqWmo5c0Y2bkFHM3Fndyt5djU5eWpvMEl3UURBT0JnTlZIUThCQWY4RQpCQU1DQXFRd0R3WURWUjBUQVFIL0JBVXdBd0VCL3pBZEJnTlZIUTRFRmdRVVVyOXZjS3ZKbEliQjgzcWxPbHlaCmVqOXMrWnd3Q2dZSUtvWkl6ajBFQXdJRFJ3QXdSQUlnRG5RSS9tZlJEVVZlenhrK1pmSXJRdmtEbVg0c0MyVHQKQzJEdGh0NFRhTXdDSUJtR1A0TytSc0YyNTVXazZydU5rbnZiZkg1TVlTMERtM3NUT2FleWNTT00KLS0tLS1FTkQgQ0VSVElGSUNBVEUtLS0tLQo=\n    server: https://0.0.0.0:41055\n  name: k3d-demo\ncontexts:\n- context:\n    cluster: k3d-demo\n    user: admin@k3d-demo\n  name: k3d-demo\ncurrent-context: k3d-demo\nkind: Config\npreferences: {}\nusers:\n- name: admin@k3d-demo\n  user:\n    client-certificate-data: LS0tLS1CRUdJTiBDRVJUSUZJQ0FURS0tLS0tCk1JSUJrRENDQVRlZ0F3SUJBZ0lJRm4zZEZxLzkrNnN3Q2dZSUtvWkl6ajBFQXdJd0l6RWhNQjhHQTFVRUF3d1kKYXpOekxXTnNhV1Z1ZEMxallVQXhOamMyTkRrM056WTBNQjRYRFRJek1ESXhOVEl4TkRreU5Gb1hEVEkwTURJeApOVEl4TkRreU5Gb3dNREVYTUJVR0ExVUVDaE1PYzNsemRHVnRPbTFoYzNSbGNuTXhGVEFUQmdOVkJBTVRESE41CmMzUmxiVHBoWkcxcGJqQlpNQk1HQnlxR1NNNDlBZ0VHQ0NxR1NNNDlBd0VIQTBJQUJNMXRUSlNyc2g2WHlmQXUKc1d2Qkl1WnhjUzMzY2ROTUZ0dUE3L0MwaGlRTE9UQVAwQm5tdzdkcUtVK294Ylh2VHV0Zk9FVDNXUzN2dFhDVwpYWWFORysyalNEQkdNQTRHQTFVZER3RUIvd1FFQXdJRm9EQVRCZ05WSFNVRUREQUtCZ2dyQmdFRkJRY0RBakFmCkJnTlZIU01FR0RBV2dCUUdhdExjNDdseE9TdEtDVnNPMUpENDREYWlqVEFLQmdncWhrak9QUVFEQWdOSEFEQkUKQWlCamNYOFRNUnRBWHB1THNoa2pEcXZ1dExlVDlzSnRvYkFUMDg2OFZDNC9DZ0lnRXJXVEMrdVdHMjlMTVNkRgpkblJleHpIUThYYWNJK0s4dGM1ckEvaGxvcDg9Ci0tLS0tRU5EIENFUlRJRklDQVRFLS0tLS0KLS0tLS1CRUdJTiBDRVJUSUZJQ0FURS0tLS0tCk1JSUJkakNDQVIyZ0F3SUJBZ0lCQURBS0JnZ3Foa2pPUFFRREFqQWpNU0V3SHdZRFZRUUREQmhyTTNNdFkyeHAKWlc1MExXTmhRREUyTnpZME9UYzNOalF3SGhjTk1qTXdNakUxTWpFME9USTBXaGNOTXpNd01qRXlNakUwT1RJMApXakFqTVNFd0h3WURWUVFEREJock0zTXRZMnhwWlc1MExXTmhRREUyTnpZME9UYzNOalF3V1RBVEJnY3Foa2pPClBRSUJCZ2dxaGtqT1BRTUJCd05DQUFRcUVhdnM4Skdwald4Y3o0OEdoWnJUTUpZbmpvNmRMenZUM1F4VU5NM1oKMnY1S1JoUjdMYlVMaWxpSGY2RkF4TUpUSzlwTEh1ckRqeFJ2S25jaG5RdC9vMEl3UURBT0JnTlZIUThCQWY4RQpCQU1DQXFRd0R3WURWUjBUQVFIL0JBVXdBd0VCL3pBZEJnTlZIUTRFRmdRVUJtclMzT081Y1RrclNnbGJEdFNRCitPQTJvbzB3Q2dZSUtvWkl6ajBFQXdJRFJ3QXdSQUlnT0FwSVkxdmxDUkp0cnhaaG9iNXc2WUtEVSt1OS9FM08KRzdJeUI3dDcwRWtDSUNMVVN1OXNNTWkwa2Vod1lhbzc2THFwR25zaVpxQmpHSEl4Nng4ZlBvQkEKLS0tLS1FTkQgQ0VSVElGSUNBVEUtLS0tLQo=\n    client-key-data: LS0tLS1CRUdJTiBFQyBQUklWQVRFIEtFWS0tLS0tCk1IY0NBUUVFSUVuaXRveFFuMGpXZy9UcEdSV1BPd0Ywb0NHM290UkhlWnhzWHBQK1BYN3dvQW9HQ0NxR1NNNDkKQXdFSG9VUURRZ0FFelcxTWxLdXlIcGZKOEM2eGE4RWk1bkZ4TGZkeDAwd1cyNER2OExTR0pBczVNQS9RR2ViRAp0Mm9wVDZqRnRlOU82MTg0UlBkWkxlKzFjSlpkaG8wYjdRPT0KLS0tLS1FTkQgRUMgUFJJVkFURSBLRVktLS0tLQo=\n"
              }
            ],
            "env": [],
            "id": "demo",
            "image": "docker.io/rancher/k3s:v1.25.6-k3s1",
            "k3d": [],
            "k3s": [],
            "kube_api": [],
            "kubeconfig": [],
            "label": [],
            "name": "demo",
            "network": "k3d-demo",
            "port": [],
            "registries": [
              {
                "config": "mirrors:\n  \"docker.io\":\n    endpoint:\n      - http://k3d-docker-io:5001\n  \"elastic.co\":\n    endpoint:\n      - http://k3d-elastic-co:5002\n",
                "create": [],
                "use": [
                  "k3d-docker-io:5001",
                  "k3d-elastic-co:5002"
                ]
              }
            ],
            "runtime": [],
            "servers": 1,
            "token": "BMsxdOnZUAVmxAUpXgWv",
            "volume": [
              {
                "destination": "/etc/machine-id",
                "node_filters": [],
                "source": "/etc/machine-id"
              }
            ]
          },
          "sensitive_attributes": [],
          "private": "bnVsbA=="
        }
      ]
    }
  ],
  "check_results": null
}
